
Microsoft Visual Studio Solution File, Format Version 12.00
# Visual Studio Version 17
VisualStudioVersion = 17.9.34616.47
MinimumVisualStudioVersion = 10.0.40219.1
Project("{FAE04EC0-301F-11D3-BF4B-00C04F79EFBC}") = "MODUL8_1302223156", "MODUL8_1302223156\MODUL8_1302223156.csproj", "{9F18A2F8-FCC8-43E3-8BB7-62C379316559}"
EndProject
Global
	GlobalSection(SolutionConfigurationPlatforms) = preSolution
		Debug|Any CPU = Debug|Any CPU
		Release|Any CPU = Release|Any CPU
	EndGlobalSection
	GlobalSection(ProjectConfigurationPlatforms) = postSolution
		{9F18A2F8-FCC8-43E3-8BB7-62C379316559}.Debug|Any CPU.ActiveCfg = Debug|Any CPU
		{9F18A2F8-FCC8-43E3-8BB7-62C379316559}.Debug|Any CPU.Build.0 = Debug|Any CPU
		{9F18A2F8-FCC8-43E3-8BB7-62C379316559}.Release|Any CPU.ActiveCfg = Release|Any CPU
		{9F18A2F8-FCC8-43E3-8BB7-62C379316559}.Release|Any CPU.Build.0 = Release|Any CPU
	EndGlobalSection
	GlobalSection(SolutionProperties) = preSolution
		HideSolutionNode = FALSE
	EndGlobalSection
	GlobalSection(ExtensibilityGlobals) = postSolution
		SolutionGuid = {FF3939B6-5685-4863-AAB1-EB03CD066BEF}
	EndGlobalSection
EndGlobal
